
Microsoft Visual Studio Solution File, Format Version 12.00
# Visual Studio 15
VisualStudioVersion = 15.0.27428.2037
MinimumVisualStudioVersion = 10.0.40219.1
Project("{8BC9CEB8-8B4A-11D0-8D11-00A0C91BC942}") = "cf983A", "cf983A\cf983A.vcxproj", "{C5E248D3-3DDF-4A08-9265-2ACCB697DCC1}"
EndProject
Global
	GlobalSection(SolutionConfigurationPlatforms) = preSolution
		Debug|x64 = Debug|x64
		Debug|x86 = Debug|x86
		Release|x64 = Release|x64
		Release|x86 = Release|x86
	EndGlobalSection
	GlobalSection(ProjectConfigurationPlatforms) = postSolution
		{C5E248D3-3DDF-4A08-9265-2ACCB697DCC1}.Debug|x64.ActiveCfg = Debug|x64
		{C5E248D3-3DDF-4A08-9265-2ACCB697DCC1}.Debug|x64.Build.0 = Debug|x64
		{C5E248D3-3DDF-4A08-9265-2ACCB697DCC1}.Debug|x86.ActiveCfg = Debug|Win32
		{C5E248D3-3DDF-4A08-9265-2ACCB697DCC1}.Debug|x86.Build.0 = Debug|Win32
		{C5E248D3-3DDF-4A08-9265-2ACCB697DCC1}.Release|x64.ActiveCfg = Release|x64
		{C5E248D3-3DDF-4A08-9265-2ACCB697DCC1}.Release|x64.Build.0 = Release|x64
		{C5E248D3-3DDF-4A08-9265-2ACCB697DCC1}.Release|x86.ActiveCfg = Release|Win32
		{C5E248D3-3DDF-4A08-9265-2ACCB697DCC1}.Release|x86.Build.0 = Release|Win32
	EndGlobalSection
	GlobalSection(SolutionProperties) = preSolution
		HideSolutionNode = FALSE
	EndGlobalSection
	GlobalSection(ExtensibilityGlobals) = postSolution
		SolutionGuid = {53A52226-F3C6-4B81-BAC2-D88495AD5878}
	EndGlobalSection
EndGlobal
