
Microsoft Visual Studio Solution File, Format Version 12.00
# Visual Studio 2013
VisualStudioVersion = 12.0.21005.1
MinimumVisualStudioVersion = 10.0.40219.1
Project("{8BC9CEB8-8B4A-11D0-8D11-00A0C91BC942}") = "C725B", "C725B\C725B.vcxproj", "{52B4F7FB-6CC3-42D5-98D4-A7154EBC5C01}"
EndProject
Global
	GlobalSection(SolutionConfigurationPlatforms) = preSolution
		Debug|Win32 = Debug|Win32
		Release|Win32 = Release|Win32
	EndGlobalSection
	GlobalSection(ProjectConfigurationPlatforms) = postSolution
		{52B4F7FB-6CC3-42D5-98D4-A7154EBC5C01}.Debug|Win32.ActiveCfg = Debug|Win32
		{52B4F7FB-6CC3-42D5-98D4-A7154EBC5C01}.Debug|Win32.Build.0 = Debug|Win32
		{52B4F7FB-6CC3-42D5-98D4-A7154EBC5C01}.Release|Win32.ActiveCfg = Release|Win32
		{52B4F7FB-6CC3-42D5-98D4-A7154EBC5C01}.Release|Win32.Build.0 = Release|Win32
	EndGlobalSection
	GlobalSection(SolutionProperties) = preSolution
		HideSolutionNode = FALSE
	EndGlobalSection
EndGlobal
