
Microsoft Visual Studio Solution File, Format Version 12.00
# Visual Studio 15
VisualStudioVersion = 15.0.26430.16
MinimumVisualStudioVersion = 10.0.40219.1
Project("{8BC9CEB8-8B4A-11D0-8D11-00A0C91BC942}") = "cf852A", "cf852A\cf852A.vcxproj", "{55EED3BB-A6F2-46A1-BA6D-6084BA8FDC58}"
EndProject
Global
	GlobalSection(SolutionConfigurationPlatforms) = preSolution
		Debug|x64 = Debug|x64
		Debug|x86 = Debug|x86
		Release|x64 = Release|x64
		Release|x86 = Release|x86
	EndGlobalSection
	GlobalSection(ProjectConfigurationPlatforms) = postSolution
		{55EED3BB-A6F2-46A1-BA6D-6084BA8FDC58}.Debug|x64.ActiveCfg = Debug|x64
		{55EED3BB-A6F2-46A1-BA6D-6084BA8FDC58}.Debug|x64.Build.0 = Debug|x64
		{55EED3BB-A6F2-46A1-BA6D-6084BA8FDC58}.Debug|x86.ActiveCfg = Debug|Win32
		{55EED3BB-A6F2-46A1-BA6D-6084BA8FDC58}.Debug|x86.Build.0 = Debug|Win32
		{55EED3BB-A6F2-46A1-BA6D-6084BA8FDC58}.Release|x64.ActiveCfg = Release|x64
		{55EED3BB-A6F2-46A1-BA6D-6084BA8FDC58}.Release|x64.Build.0 = Release|x64
		{55EED3BB-A6F2-46A1-BA6D-6084BA8FDC58}.Release|x86.ActiveCfg = Release|Win32
		{55EED3BB-A6F2-46A1-BA6D-6084BA8FDC58}.Release|x86.Build.0 = Release|Win32
	EndGlobalSection
	GlobalSection(SolutionProperties) = preSolution
		HideSolutionNode = FALSE
	EndGlobalSection
EndGlobal
