
Microsoft Visual Studio Solution File, Format Version 12.00
# Visual Studio 15
VisualStudioVersion = 15.0.26403.7
MinimumVisualStudioVersion = 10.0.40219.1
Project("{8BC9CEB8-8B4A-11D0-8D11-00A0C91BC942}") = "cf864C", "cf864C\cf864C.vcxproj", "{48641672-2667-444F-B9D9-B28BAA00F460}"
EndProject
Global
	GlobalSection(SolutionConfigurationPlatforms) = preSolution
		Debug|x64 = Debug|x64
		Debug|x86 = Debug|x86
		Release|x64 = Release|x64
		Release|x86 = Release|x86
	EndGlobalSection
	GlobalSection(ProjectConfigurationPlatforms) = postSolution
		{48641672-2667-444F-B9D9-B28BAA00F460}.Debug|x64.ActiveCfg = Debug|x64
		{48641672-2667-444F-B9D9-B28BAA00F460}.Debug|x64.Build.0 = Debug|x64
		{48641672-2667-444F-B9D9-B28BAA00F460}.Debug|x86.ActiveCfg = Debug|Win32
		{48641672-2667-444F-B9D9-B28BAA00F460}.Debug|x86.Build.0 = Debug|Win32
		{48641672-2667-444F-B9D9-B28BAA00F460}.Release|x64.ActiveCfg = Release|x64
		{48641672-2667-444F-B9D9-B28BAA00F460}.Release|x64.Build.0 = Release|x64
		{48641672-2667-444F-B9D9-B28BAA00F460}.Release|x86.ActiveCfg = Release|Win32
		{48641672-2667-444F-B9D9-B28BAA00F460}.Release|x86.Build.0 = Release|Win32
	EndGlobalSection
	GlobalSection(SolutionProperties) = preSolution
		HideSolutionNode = FALSE
	EndGlobalSection
EndGlobal
