
Microsoft Visual Studio Solution File, Format Version 12.00
# Visual Studio 15
VisualStudioVersion = 15.0.26403.0
MinimumVisualStudioVersion = 10.0.40219.1
Project("{8BC9CEB8-8B4A-11D0-8D11-00A0C91BC942}") = "hdu3974", "hdu3974\hdu3974.vcxproj", "{DF2552B1-BB55-49E3-8536-F39190C790D6}"
EndProject
Global
	GlobalSection(SolutionConfigurationPlatforms) = preSolution
		Debug|x64 = Debug|x64
		Debug|x86 = Debug|x86
		Release|x64 = Release|x64
		Release|x86 = Release|x86
	EndGlobalSection
	GlobalSection(ProjectConfigurationPlatforms) = postSolution
		{DF2552B1-BB55-49E3-8536-F39190C790D6}.Debug|x64.ActiveCfg = Debug|x64
		{DF2552B1-BB55-49E3-8536-F39190C790D6}.Debug|x64.Build.0 = Debug|x64
		{DF2552B1-BB55-49E3-8536-F39190C790D6}.Debug|x86.ActiveCfg = Debug|Win32
		{DF2552B1-BB55-49E3-8536-F39190C790D6}.Debug|x86.Build.0 = Debug|Win32
		{DF2552B1-BB55-49E3-8536-F39190C790D6}.Release|x64.ActiveCfg = Release|x64
		{DF2552B1-BB55-49E3-8536-F39190C790D6}.Release|x64.Build.0 = Release|x64
		{DF2552B1-BB55-49E3-8536-F39190C790D6}.Release|x86.ActiveCfg = Release|Win32
		{DF2552B1-BB55-49E3-8536-F39190C790D6}.Release|x86.Build.0 = Release|Win32
	EndGlobalSection
	GlobalSection(SolutionProperties) = preSolution
		HideSolutionNode = FALSE
	EndGlobalSection
EndGlobal
